
Microsoft Visual Studio Solution File, Format Version 12.00
# Visual Studio Version 16
VisualStudioVersion = 16.0.31702.278
MinimumVisualStudioVersion = 10.0.40219.1
Project("{8BC9CEB8-8B4A-11D0-8D11-00A0C91BC942}") = "BinaryTree2", "BinaryTree2.vcxproj", "{CD5CC7AF-32B1-44B4-A420-0E406CDDCC2E}"
EndProject
Global
	GlobalSection(SolutionConfigurationPlatforms) = preSolution
		Debug|x64 = Debug|x64
		Debug|x86 = Debug|x86
		Release|x64 = Release|x64
		Release|x86 = Release|x86
	EndGlobalSection
	GlobalSection(ProjectConfigurationPlatforms) = postSolution
		{CD5CC7AF-32B1-44B4-A420-0E406CDDCC2E}.Debug|x64.ActiveCfg = Debug|x64
		{CD5CC7AF-32B1-44B4-A420-0E406CDDCC2E}.Debug|x64.Build.0 = Debug|x64
		{CD5CC7AF-32B1-44B4-A420-0E406CDDCC2E}.Debug|x86.ActiveCfg = Debug|Win32
		{CD5CC7AF-32B1-44B4-A420-0E406CDDCC2E}.Debug|x86.Build.0 = Debug|Win32
		{CD5CC7AF-32B1-44B4-A420-0E406CDDCC2E}.Release|x64.ActiveCfg = Release|x64
		{CD5CC7AF-32B1-44B4-A420-0E406CDDCC2E}.Release|x64.Build.0 = Release|x64
		{CD5CC7AF-32B1-44B4-A420-0E406CDDCC2E}.Release|x86.ActiveCfg = Release|Win32
		{CD5CC7AF-32B1-44B4-A420-0E406CDDCC2E}.Release|x86.Build.0 = Release|Win32
	EndGlobalSection
	GlobalSection(SolutionProperties) = preSolution
		HideSolutionNode = FALSE
	EndGlobalSection
	GlobalSection(ExtensibilityGlobals) = postSolution
		SolutionGuid = {4BE0C317-E5F8-45BB-AC3A-40DF16D4D801}
	EndGlobalSection
EndGlobal
