
Microsoft Visual Studio Solution File, Format Version 12.00
# Visual Studio Version 16
VisualStudioVersion = 16.0.31702.278
MinimumVisualStudioVersion = 10.0.40219.1
Project("{8BC9CEB8-8B4A-11D0-8D11-00A0C91BC942}") = "non_recursive_QuickSort", "non_recursive_QuickSort.vcxproj", "{81118CF4-FCB1-4302-A74F-3C2F53FAD9B9}"
EndProject
Global
	GlobalSection(SolutionConfigurationPlatforms) = preSolution
		Debug|x64 = Debug|x64
		Debug|x86 = Debug|x86
		Release|x64 = Release|x64
		Release|x86 = Release|x86
	EndGlobalSection
	GlobalSection(ProjectConfigurationPlatforms) = postSolution
		{81118CF4-FCB1-4302-A74F-3C2F53FAD9B9}.Debug|x64.ActiveCfg = Debug|x64
		{81118CF4-FCB1-4302-A74F-3C2F53FAD9B9}.Debug|x64.Build.0 = Debug|x64
		{81118CF4-FCB1-4302-A74F-3C2F53FAD9B9}.Debug|x86.ActiveCfg = Debug|Win32
		{81118CF4-FCB1-4302-A74F-3C2F53FAD9B9}.Debug|x86.Build.0 = Debug|Win32
		{81118CF4-FCB1-4302-A74F-3C2F53FAD9B9}.Release|x64.ActiveCfg = Release|x64
		{81118CF4-FCB1-4302-A74F-3C2F53FAD9B9}.Release|x64.Build.0 = Release|x64
		{81118CF4-FCB1-4302-A74F-3C2F53FAD9B9}.Release|x86.ActiveCfg = Release|Win32
		{81118CF4-FCB1-4302-A74F-3C2F53FAD9B9}.Release|x86.Build.0 = Release|Win32
	EndGlobalSection
	GlobalSection(SolutionProperties) = preSolution
		HideSolutionNode = FALSE
	EndGlobalSection
	GlobalSection(ExtensibilityGlobals) = postSolution
		SolutionGuid = {71707A1D-BA64-4F5C-B8FA-1374F787574D}
	EndGlobalSection
EndGlobal
