
Microsoft Visual Studio Solution File, Format Version 12.00
# Visual Studio Version 16
VisualStudioVersion = 16.0.31702.278
MinimumVisualStudioVersion = 10.0.40219.1
Project("{8BC9CEB8-8B4A-11D0-8D11-00A0C91BC942}") = "HuffmanTree", "HuffmanTree.vcxproj", "{FAB28F30-81A3-4C17-8F1F-66873CDD3229}"
EndProject
Global
	GlobalSection(SolutionConfigurationPlatforms) = preSolution
		Debug|x64 = Debug|x64
		Debug|x86 = Debug|x86
		Release|x64 = Release|x64
		Release|x86 = Release|x86
	EndGlobalSection
	GlobalSection(ProjectConfigurationPlatforms) = postSolution
		{FAB28F30-81A3-4C17-8F1F-66873CDD3229}.Debug|x64.ActiveCfg = Debug|x64
		{FAB28F30-81A3-4C17-8F1F-66873CDD3229}.Debug|x64.Build.0 = Debug|x64
		{FAB28F30-81A3-4C17-8F1F-66873CDD3229}.Debug|x86.ActiveCfg = Debug|Win32
		{FAB28F30-81A3-4C17-8F1F-66873CDD3229}.Debug|x86.Build.0 = Debug|Win32
		{FAB28F30-81A3-4C17-8F1F-66873CDD3229}.Release|x64.ActiveCfg = Release|x64
		{FAB28F30-81A3-4C17-8F1F-66873CDD3229}.Release|x64.Build.0 = Release|x64
		{FAB28F30-81A3-4C17-8F1F-66873CDD3229}.Release|x86.ActiveCfg = Release|Win32
		{FAB28F30-81A3-4C17-8F1F-66873CDD3229}.Release|x86.Build.0 = Release|Win32
	EndGlobalSection
	GlobalSection(SolutionProperties) = preSolution
		HideSolutionNode = FALSE
	EndGlobalSection
	GlobalSection(ExtensibilityGlobals) = postSolution
		SolutionGuid = {A30DA334-6A77-44A8-A0C5-72D12D851021}
	EndGlobalSection
EndGlobal
